
Microsoft Visual Studio Solution File, Format Version 12.00
# Visual Studio 2013
VisualStudioVersion = 12.0.21005.1
MinimumVisualStudioVersion = 10.0.40219.1
Project("{8BC9CEB8-8B4A-11D0-8D11-00A0C91BC942}") = "整数的各位积和之差", "整数的各位积和之差\整数的各位积和之差.vcxproj", "{AEFA2567-224D-485D-8338-92B67C7C0CE2}"
EndProject
Global
	GlobalSection(SolutionConfigurationPlatforms) = preSolution
		Debug|Win32 = Debug|Win32
		Release|Win32 = Release|Win32
	EndGlobalSection
	GlobalSection(ProjectConfigurationPlatforms) = postSolution
		{AEFA2567-224D-485D-8338-92B67C7C0CE2}.Debug|Win32.ActiveCfg = Debug|Win32
		{AEFA2567-224D-485D-8338-92B67C7C0CE2}.Debug|Win32.Build.0 = Debug|Win32
		{AEFA2567-224D-485D-8338-92B67C7C0CE2}.Release|Win32.ActiveCfg = Release|Win32
		{AEFA2567-224D-485D-8338-92B67C7C0CE2}.Release|Win32.Build.0 = Release|Win32
	EndGlobalSection
	GlobalSection(SolutionProperties) = preSolution
		HideSolutionNode = FALSE
	EndGlobalSection
EndGlobal
