
Microsoft Visual Studio Solution File, Format Version 12.00
# Visual Studio 2013
VisualStudioVersion = 12.0.21005.1
MinimumVisualStudioVersion = 10.0.40219.1
Project("{8BC9CEB8-8B4A-11D0-8D11-00A0C91BC942}") = "旅行终点站", "旅行终点站\旅行终点站.vcxproj", "{677BA65E-747F-4214-BC53-264813B68565}"
EndProject
Global
	GlobalSection(SolutionConfigurationPlatforms) = preSolution
		Debug|Win32 = Debug|Win32
		Release|Win32 = Release|Win32
	EndGlobalSection
	GlobalSection(ProjectConfigurationPlatforms) = postSolution
		{677BA65E-747F-4214-BC53-264813B68565}.Debug|Win32.ActiveCfg = Debug|Win32
		{677BA65E-747F-4214-BC53-264813B68565}.Debug|Win32.Build.0 = Debug|Win32
		{677BA65E-747F-4214-BC53-264813B68565}.Release|Win32.ActiveCfg = Release|Win32
		{677BA65E-747F-4214-BC53-264813B68565}.Release|Win32.Build.0 = Release|Win32
	EndGlobalSection
	GlobalSection(SolutionProperties) = preSolution
		HideSolutionNode = FALSE
	EndGlobalSection
EndGlobal
