
Microsoft Visual Studio Solution File, Format Version 12.00
# Visual Studio 2013
VisualStudioVersion = 12.0.21005.1
MinimumVisualStudioVersion = 10.0.40219.1
Project("{8BC9CEB8-8B4A-11D0-8D11-00A0C91BC942}") = "矩阵中的幸运数", "矩阵中的幸运数\矩阵中的幸运数.vcxproj", "{AAD14E8C-DA17-473A-A68A-BF66189B9712}"
EndProject
Global
	GlobalSection(SolutionConfigurationPlatforms) = preSolution
		Debug|Win32 = Debug|Win32
		Release|Win32 = Release|Win32
	EndGlobalSection
	GlobalSection(ProjectConfigurationPlatforms) = postSolution
		{AAD14E8C-DA17-473A-A68A-BF66189B9712}.Debug|Win32.ActiveCfg = Debug|Win32
		{AAD14E8C-DA17-473A-A68A-BF66189B9712}.Debug|Win32.Build.0 = Debug|Win32
		{AAD14E8C-DA17-473A-A68A-BF66189B9712}.Release|Win32.ActiveCfg = Release|Win32
		{AAD14E8C-DA17-473A-A68A-BF66189B9712}.Release|Win32.Build.0 = Release|Win32
	EndGlobalSection
	GlobalSection(SolutionProperties) = preSolution
		HideSolutionNode = FALSE
	EndGlobalSection
EndGlobal
